lockfileVersion: "9.0"

settings:
  autoInstallPeers: true
  excludeLinksFromLockfile: false

importers:
  .:
    devDependencies:
      "@napi-rs/cli":
        specifier: ^2.18.4
        version: 2.18.4
      tinybench:
        specifier: ^4.0.1
        version: 4.0.1

packages:
  "@napi-rs/cli@2.18.4":
    resolution:
      {
        integrity: sha512-SgJeA4df9DE2iAEpr3M2H0OKl/yjtg1BnRI5/JyowS71tUWhrfSu2LT0V3vlHET+g1hBVlrO60PmEXwUEKp8Mg==,
      }
    engines: { node: ">= 10" }
    hasBin: true

  tinybench@4.0.1:
    resolution:
      {
        integrity: sha512-Nb1srn7dvzkVx0J5h1vq8f48e3TIcbrS7e/UfAI/cDSef/n8yLh4zsAEsFkfpw6auTY+ZaspEvam/xs8nMnotQ==,
      }
    engines: { node: ">=18.0.0" }

snapshots:
  "@napi-rs/cli@2.18.4": {}

  tinybench@4.0.1: {}
