lockfileVersion: "9.0"

settings:
  autoInstallPeers: true
  excludeLinksFromLockfile: false

importers:
  .:
    devDependencies:
      tinybench:
        specifier: ^4.0.1
        version: 4.0.1

packages:
  tinybench@4.0.1:
    resolution:
      {
        integrity: sha512-Nb1srn7dvzkVx0J5h1vq8f48e3TIcbrS7e/UfAI/cDSef/n8yLh4zsAEsFkfpw6auTY+ZaspEvam/xs8nMnotQ==,
      }
    engines: { node: ">=18.0.0" }

snapshots:
  tinybench@4.0.1: {}
